
Microsoft Visual Studio Solution File, Format Version 12.00
# Visual Studio Version 17
VisualStudioVersion = 17.5.33627.172
MinimumVisualStudioVersion = 10.0.40219.1
Project("{FAE04EC0-301F-11D3-BF4B-00C04F79EFBC}") = "GitHubStatusChecker", "GitHubStatusChecker\GitHubStatusChecker.csproj", "{CC82052F-26FE-4EA2-9E3C-B9EED986030B}"
EndProject
Global
	GlobalSection(SolutionConfigurationPlatforms) = preSolution
		Debug|Any CPU = Debug|Any CPU
		Release|Any CPU = Release|Any CPU
	EndGlobalSection
	GlobalSection(ProjectConfigurationPlatforms) = postSolution
		{CC82052F-26FE-4EA2-9E3C-B9EED986030B}.Debug|Any CPU.ActiveCfg = Debug|Any CPU
		{CC82052F-26FE-4EA2-9E3C-B9EED986030B}.Debug|Any CPU.Build.0 = Debug|Any CPU
		{CC82052F-26FE-4EA2-9E3C-B9EED986030B}.Release|Any CPU.ActiveCfg = Release|Any CPU
		{CC82052F-26FE-4EA2-9E3C-B9EED986030B}.Release|Any CPU.Build.0 = Release|Any CPU
	EndGlobalSection
	GlobalSection(SolutionProperties) = preSolution
		HideSolutionNode = FALSE
	EndGlobalSection
	GlobalSection(ExtensibilityGlobals) = postSolution
		SolutionGuid = {CFBEE8D3-E336-45F8-BE4B-AEF6C9FCBB72}
	EndGlobalSection
EndGlobal
